
Microsoft Visual Studio Solution File, Format Version 12.00
# Visual Studio Version 16
VisualStudioVersion = 16.0.808.7
MinimumVisualStudioVersion = 10.0.40219.1
Project("{FAE04EC0-301F-11D3-BF4B-00C04F79EFBC}") = "SimpleBudgeting", "SimpleBudgeting\SimpleBudgeting.csproj", "{CCAE0DE6-727D-4CFC-AA09-260741FF4166}"
EndProject
Global
	GlobalSection(SolutionConfigurationPlatforms) = preSolution
		Debug|Any CPU = Debug|Any CPU
		Release|Any CPU = Release|Any CPU
	EndGlobalSection
	GlobalSection(ProjectConfigurationPlatforms) = postSolution
		{CCAE0DE6-727D-4CFC-AA09-260741FF4166}.Debug|Any CPU.ActiveCfg = Debug|Any CPU
		{CCAE0DE6-727D-4CFC-AA09-260741FF4166}.Debug|Any CPU.Build.0 = Debug|Any CPU
		{CCAE0DE6-727D-4CFC-AA09-260741FF4166}.Release|Any CPU.ActiveCfg = Release|Any CPU
		{CCAE0DE6-727D-4CFC-AA09-260741FF4166}.Release|Any CPU.Build.0 = Release|Any CPU
	EndGlobalSection
	GlobalSection(SolutionProperties) = preSolution
		HideSolutionNode = FALSE
	EndGlobalSection
	GlobalSection(ExtensibilityGlobals) = postSolution
		SolutionGuid = {04005843-084C-4EDA-BE51-AFD1240B8F6A}
	EndGlobalSection
EndGlobal
